
Microsoft Visual Studio Solution File, Format Version 12.00
Project("{FAE04EC0-301F-11D3-BF4B-00C04F79EFBC}") = "MobileApplicationBackend", "MobileApplicationBackend\MobileApplicationBackend.csproj", "{EF3E396A-C5A2-4029-BF03-ECDF115218BB}"
EndProject
Global
	GlobalSection(SolutionConfigurationPlatforms) = preSolution
		Debug|Any CPU = Debug|Any CPU
		Release|Any CPU = Release|Any CPU
	EndGlobalSection
	GlobalSection(ProjectConfigurationPlatforms) = postSolution
		{EF3E396A-C5A2-4029-BF03-ECDF115218BB}.Debug|Any CPU.ActiveCfg = Debug|Any CPU
		{EF3E396A-C5A2-4029-BF03-ECDF115218BB}.Debug|Any CPU.Build.0 = Debug|Any CPU
		{EF3E396A-C5A2-4029-BF03-ECDF115218BB}.Release|Any CPU.ActiveCfg = Release|Any CPU
		{EF3E396A-C5A2-4029-BF03-ECDF115218BB}.Release|Any CPU.Build.0 = Release|Any CPU
	EndGlobalSection
EndGlobal
